
Microsoft Visual Studio Solution File, Format Version 12.00
# Visual Studio Version 17
VisualStudioVersion = 17.0.31903.59
MinimumVisualStudioVersion = 10.0.40219.1
Project("{2150E333-8FDC-42A3-9474-1A3956D46DE8}") = "src", "src", "{520FDF9E-D3C2-41F1-A6DC-754B71C61136}"
EndProject
Project("{FAE04EC0-301F-11D3-BF4B-00C04F79EFBC}") = "MultiprotocolServer", "src\MultiprotocolServer.csproj", "{A281CCD1-67BD-4F3F-92AC-6B67B98592C2}"
EndProject
Project("{FAE04EC0-301F-11D3-BF4B-00C04F79EFBC}") = "MultiprotocolServer.Tests", "tests\MultiprotocolServer.Tests.csproj", "{B392DDE2-78CE-4534-A3BD-7C78CA96703D}"
EndProject
Global
	GlobalSection(SolutionConfigurationPlatforms) = preSolution
		Debug|Any CPU = Debug|Any CPU
		Release|Any CPU = Release|Any CPU
	EndGlobalSection
	GlobalSection(SolutionProperties) = preSolution
		HideSolutionNode = FALSE
	EndGlobalSection
	GlobalSection(ProjectConfigurationPlatforms) = postSolution
		{A281CCD1-67BD-4F3F-92AC-6B67B98592C2}.Debug|Any CPU.ActiveCfg = Debug|Any CPU
		{A281CCD1-67BD-4F3F-92AC-6B67B98592C2}.Debug|Any CPU.Build.0 = Debug|Any CPU
		{A281CCD1-67BD-4F3F-92AC-6B67B98592C2}.Release|Any CPU.ActiveCfg = Release|Any CPU
		{A281CCD1-67BD-4F3F-92AC-6B67B98592C2}.Release|Any CPU.Build.0 = Release|Any CPU
		{B392DDE2-78CE-4534-A3BD-7C78CA96703D}.Debug|Any CPU.ActiveCfg = Debug|Any CPU
		{B392DDE2-78CE-4534-A3BD-7C78CA96703D}.Debug|Any CPU.Build.0 = Debug|Any CPU
		{B392DDE2-78CE-4534-A3BD-7C78CA96703D}.Release|Any CPU.ActiveCfg = Release|Any CPU
		{B392DDE2-78CE-4534-A3BD-7C78CA96703D}.Release|Any CPU.Build.0 = Release|Any CPU
	EndGlobalSection
	GlobalSection(NestedProjects) = preSolution
		{A281CCD1-67BD-4F3F-92AC-6B67B98592C2} = {520FDF9E-D3C2-41F1-A6DC-754B71C61136}
	EndGlobalSection
EndGlobal
